
Microsoft Visual Studio Solution File, Format Version 12.00
# Visual Studio Version 17
VisualStudioVersion = 17.3.32804.467
MinimumVisualStudioVersion = 10.0.40219.1
Project("{FAE04EC0-301F-11D3-BF4B-00C04F79EFBC}") = "fmm.Droid", "fmm.Droid\fmm.Droid.csproj", "{F3013738-95CB-4878-B8D2-C0B24ED00172}"
EndProject
Global
	GlobalSection(SolutionConfigurationPlatforms) = preSolution
		Debug|Any CPU = Debug|Any CPU
		Release|Any CPU = Release|Any CPU
	EndGlobalSection
	GlobalSection(ProjectConfigurationPlatforms) = postSolution
		{F3013738-95CB-4878-B8D2-C0B24ED00172}.Debug|Any CPU.ActiveCfg = Debug|Any CPU
		{F3013738-95CB-4878-B8D2-C0B24ED00172}.Debug|Any CPU.Build.0 = Debug|Any CPU
		{F3013738-95CB-4878-B8D2-C0B24ED00172}.Debug|Any CPU.Deploy.0 = Debug|Any CPU
		{F3013738-95CB-4878-B8D2-C0B24ED00172}.Release|Any CPU.ActiveCfg = Release|Any CPU
		{F3013738-95CB-4878-B8D2-C0B24ED00172}.Release|Any CPU.Build.0 = Release|Any CPU
		{F3013738-95CB-4878-B8D2-C0B24ED00172}.Release|Any CPU.Deploy.0 = Release|Any CPU
	EndGlobalSection
	GlobalSection(SolutionProperties) = preSolution
		HideSolutionNode = FALSE
	EndGlobalSection
	GlobalSection(ExtensibilityGlobals) = postSolution
		SolutionGuid = {979E6B41-E88D-423E-B5CA-634920AA5F08}
	EndGlobalSection
EndGlobal
